
Microsoft Visual Studio Solution File, Format Version 12.00
# Visual Studio Version 17
VisualStudioVersion = 17.10.35013.160
MinimumVisualStudioVersion = 10.0.40219.1
Project("{FAE04EC0-301F-11D3-BF4B-00C04F79EFBC}") = "KeyBoard.HW", "KeyBoard.HW\KeyBoard.HW.csproj", "{F74CBDFC-E805-473F-A9EE-B11F13A96015}"
EndProject
Global
	GlobalSection(SolutionConfigurationPlatforms) = preSolution
		Debug|Any CPU = Debug|Any CPU
		Release|Any CPU = Release|Any CPU
	EndGlobalSection
	GlobalSection(ProjectConfigurationPlatforms) = postSolution
		{F74CBDFC-E805-473F-A9EE-B11F13A96015}.Debug|Any CPU.ActiveCfg = Debug|Any CPU
		{F74CBDFC-E805-473F-A9EE-B11F13A96015}.Debug|Any CPU.Build.0 = Debug|Any CPU
		{F74CBDFC-E805-473F-A9EE-B11F13A96015}.Release|Any CPU.ActiveCfg = Release|Any CPU
		{F74CBDFC-E805-473F-A9EE-B11F13A96015}.Release|Any CPU.Build.0 = Release|Any CPU
	EndGlobalSection
	GlobalSection(SolutionProperties) = preSolution
		HideSolutionNode = FALSE
	EndGlobalSection
	GlobalSection(ExtensibilityGlobals) = postSolution
		SolutionGuid = {908533D0-3690-4E38-9547-0C5993B66F58}
	EndGlobalSection
EndGlobal
